// !$*UTF8*$!
{
	archiveVersion = 1;
	classes = {
	};
	objectVersion = 46;
	objects = {

/* Begin PBXBuildFile section */
		5F6D44D61C4D9BB5007AF735 /* AppDelegate.swift in Sources */ = {isa = PBXBuildFile; fileRef = 5F6D44D51C4D9BB5007AF735 /* AppDelegate.swift */; };
		5F6D44D81C4D9BB5007AF735 /* ViewController.swift in Sources */ = {isa = PBXBuildFile; fileRef = 5F6D44D71C4D9BB5007AF735 /* ViewController.swift */; };
		5F6D44DB1C4D9BB5007AF735 /* Main.storyboard in Resources */ = {isa = PBXBuildFile; fileRef = 5F6D44D91C4D9BB5007AF735 /* Main.storyboard */; };
		5F6D44DD1C4D9BB5007AF735 /* Assets.xcassets in Resources */ = {isa = PBXBuildFile; fileRef = 5F6D44DC1C4D9BB5007AF735 /* Assets.xcassets */; };
		5F6D44E01C4D9BB5007AF735 /* LaunchScreen.storyboard in Resources */ = {isa = PBXBuildFile; fileRef = 5F6D44DE1C4D9BB5007AF735 /* LaunchScreen.storyboard */; };
		5F6D44E81C4DFA9B007AF735 /* weekForecastTableViewCell.swift in Sources */ = {isa = PBXBuildFile; fileRef = 5F6D44E71C4DFA9B007AF735 /* weekForecastTableViewCell.swift */; };
		5F6D44EA1C4DFAD0007AF735 /* titleDataTableViewCell.swift in Sources */ = {isa = PBXBuildFile; fileRef = 5F6D44E91C4DFAD0007AF735 /* titleDataTableViewCell.swift */; };
/* End PBXBuildFile section */

/* Begin PBXFileReference section */
		5F6D44D21C4D9BB5007AF735 /* MyYahooWeather.app */ = {isa = PBXFileReference; explicitFileType = wrapper.application; includeInIndex = 0; path = MyYahooWeather.app; sourceTree = BUILT_PRODUCTS_DIR; };
		5F6D44D51C4D9BB5007AF735 /* AppDelegate.swift */ = {isa = PBXFileReference; lastKnownFileType = sourcecode.swift; path = AppDelegate.swift; sourceTree = "<group>"; };
		5F6D44D71C4D9BB5007AF735 /* ViewController.swift */ = {isa = PBXFileReference; lastKnownFileType = sourcecode.swift; path = ViewController.swift; sourceTree = "<group>"; };
		5F6D44DA1C4D9BB5007AF735 /* Base */ = {isa = PBXFileReference; lastKnownFileType = file.storyboard; name = Base; path = Base.lproj/Main.storyboard; sourceTree = "<group>"; };
		5F6D44DC1C4D9BB5007AF735 /* Assets.xcassets */ = {isa = PBXFileReference; lastKnownFileType = folder.assetcatalog; path = Assets.xcassets; sourceTree = "<group>"; };
		5F6D44DF1C4D9BB5007AF735 /* Base */ = {isa = PBXFileReference; lastKnownFileType = file.storyboard; name = Base; path = Base.lproj/LaunchScreen.storyboard; sourceTree = "<group>"; };
		5F6D44E11C4D9BB5007AF735 /* Info.plist */ = {isa = PBXFileReference; lastKnownFileType = text.plist.xml; path = Info.plist; sourceTree = "<group>"; };
		5F6D44E71C4DFA9B007AF735 /* weekForecastTableViewCell.swift */ = {isa = PBXFileReference; fileEncoding = 4; lastKnownFileType = sourcecode.swift; path = weekForecastTableViewCell.swift; sourceTree = "<group>"; };
		5F6D44E91C4DFAD0007AF735 /* titleDataTableViewCell.swift */ = {isa = PBXFileReference; fileEncoding = 4; lastKnownFileType = sourcecode.swift; path = titleDataTableViewCell.swift; sourceTree = "<group>"; };
/* End PBXFileReference section */

/* Begin PBXFrameworksBuildPhase section */
		5F6D44CF1C4D9BB5007AF735 /* Frameworks */ = {
			isa = PBXFrameworksBuildPhase;
			buildActionMask = 2147483647;
			files = (
			);
			runOnlyForDeploymentPostprocessing = 0;
		};
/* End PBXFrameworksBuildPhase section */

/* Begin PBXGroup section */
		5F6D44C91C4D9BB5007AF735 = {
			isa = PBXGroup;
			children = (
				5F6D44D41C4D9BB5007AF735 /* MyYahooWeather */,
				5F6D44D31C4D9BB5007AF735 /* Products */,
			);
			sourceTree = "<group>";
		};
		5F6D44D31C4D9BB5007AF735 /* Products */ = {
			isa = PBXGroup;
			children = (
				5F6D44D21C4D9BB5007AF735 /* MyYahooWeather.app */,
			);
			name = Products;
			sourceTree = "<group>";
		};
		5F6D44D41C4D9BB5007AF735 /* MyYahooWeather */ = {
			isa = PBXGroup;
			children = (
				5F6D44D51C4D9BB5007AF735 /* AppDelegate.swift */,
				5F6D44D71C4D9BB5007AF735 /* ViewController.swift */,
				5F6D44E91C4DFAD0007AF735 /* titleDataTableViewCell.swift */,
				5F6D44E71C4DFA9B007AF735 /* weekForecastTableViewCell.swift */,
				5F6D44D91C4D9BB5007AF735 /* Main.storyboard */,
				5F6D44DC1C4D9BB5007AF735 /* Assets.xcassets */,
				5F6D44DE1C4D9BB5007AF735 /* LaunchScreen.storyboard */,
				5F6D44E11C4D9BB5007AF735 /* Info.plist */,
			);
			path = MyYahooWeather;
			sourceTree = "<group>";
		};
/* End PBXGroup section */

/* Begin PBXNativeTarget section */
		5F6D44D11C4D9BB5007AF735 /* MyYahooWeather */ = {
			isa = PBXNativeTarget;
			buildConfigurationList = 5F6D44E41C4D9BB5007AF735 /* Build configuration list for PBXNativeTarget "MyYahooWeather" */;
			buildPhases = (
				5F6D44CE1C4D9BB5007AF735 /* Sources */,
				5F6D44CF1C4D9BB5007AF735 /* Frameworks */,
				5F6D44D01C4D9BB5007AF735 /* Resources */,
			);
			buildRules = (
			);
			dependencies = (
			);
			name = MyYahooWeather;
			productName = MyYahooWeather;
			productReference = 5F6D44D21C4D9BB5007AF735 /* MyYahooWeather.app */;
			productType = "com.apple.product-type.application";
		};
/* End PBXNativeTarget section */

/* Begin PBXProject section */
		5F6D44CA1C4D9BB5007AF735 /* Project object */ = {
			isa = PBXProject;
			attributes = {
				LastSwiftUpdateCheck = 0720;
				LastUpgradeCheck = 0720;
				ORGANIZATIONNAME = Laibit;
				TargetAttributes = {
					5F6D44D11C4D9BB5007AF735 = {
						CreatedOnToolsVersion = 7.2;
					};
				};
			};
			buildConfigurationList = 5F6D44CD1C4D9BB5007AF735 /* Build configuration list for PBXProject "MyYahooWeather" */;
			compatibilityVersion = "Xcode 3.2";
			developmentRegion = English;
			hasScannedForEncodings = 0;
			knownRegions = (
				en,
				Base,
			);
			mainGroup = 5F6D44C91C4D9BB5007AF735;
			productRefGroup = 5F6D44D31C4D9BB5007AF735 /* Products */;
			projectDirPath = "";
			projectRoot = "";
			targets = (
				5F6D44D11C4D9BB5007AF735 /* MyYahooWeather */,
			);
		};
/* End PBXProject section */

/* Begin PBXResourcesBuildPhase section */
		5F6D44D01C4D9BB5007AF735 /* Resources */ = {
			isa = PBXResourcesBuildPhase;
			buildActionMask = 2147483647;
			files = (
				5F6D44E01C4D9BB5007AF735 /* LaunchScreen.storyboard in Resources */,
				5F6D44DD1C4D9BB5007AF735 /* Assets.xcassets in Resources */,
				5F6D44DB1C4D9BB5007AF735 /* Main.storyboard in Resources */,
			);
			runOnlyForDeploymentPostprocessing = 0;
		};
/* End PBXResourcesBuildPhase section */

/* Begin PBXSourcesBuildPhase section */
		5F6D44CE1C4D9BB5007AF735 /* Sources */ = {
			isa = PBXSourcesBuildPhase;
			buildActionMask = 2147483647;
			files = (
				5F6D44D81C4D9BB5007AF735 /* ViewController.swift in Sources */,
				5F6D44E81C4DFA9B007AF735 /* weekForecastTableViewCell.swift in Sources */,
				5F6D44EA1C4DFAD0007AF735 /* titleDataTableViewCell.swift in Sources */,
				5F6D44D61C4D9BB5007AF735 /* AppDelegate.swift in Sources */,
			);
			runOnlyForDeploymentPostprocessing = 0;
		};
/* End PBXSourcesBuildPhase section */

/* Begin PBXVariantGroup section */
		5F6D44D91C4D9BB5007AF735 /* Main.storyboard */ = {
			isa = PBXVariantGroup;
			children = (
				5F6D44DA1C4D9BB5007AF735 /* Base */,
			);
			name = Main.storyboard;
			sourceTree = "<group>";
		};
		5F6D44DE1C4D9BB5007AF735 /* LaunchScreen.storyboard */ = {
			isa = PBXVariantGroup;
			children = (
				5F6D44DF1C4D9BB5007AF735 /* Base */,
			);
			name = LaunchScreen.storyboard;
			sourceTree = "<group>";
		};
/* End PBXVariantGroup section */

/* Begin XCBuildConfiguration section */
		5F6D44E21C4D9BB5007AF735 /* Debug */ = {
			isa = XCBuildConfiguration;
			buildSettings = {
				ALWAYS_SEARCH_USER_PATHS = NO;
				CLANG_CXX_LANGUAGE_STANDARD = "gnu++0x";
				CLANG_CXX_LIBRARY = "libc++";
				CLANG_ENABLE_MODULES = YES;
				CLANG_ENABLE_OBJC_ARC = YES;
				CLANG_WARN_BOOL_CONVERSION = YES;
				CLANG_WARN_CONSTANT_CONVERSION = YES;
				CLANG_WARN_DIRECT_OBJC_ISA_USAGE = YES_ERROR;
				CLANG_WARN_EMPTY_BODY = YES;
				CLANG_WARN_ENUM_CONVERSION = YES;
				CLANG_WARN_INT_CONVERSION = YES;
				CLANG_WARN_OBJC_ROOT_CLASS = YES_ERROR;
				CLANG_WARN_UNREACHABLE_CODE = YES;
				CLANG_WARN__DUPLICATE_METHOD_MATCH = YES;
				"CODE_SIGN_IDENTITY[sdk=iphoneos*]" = "iPhone Developer";
				COPY_PHASE_STRIP = NO;
				DEBUG_INFORMATION_FORMAT = dwarf;
				ENABLE_STRICT_OBJC_MSGSEND = YES;
				ENABLE_TESTABILITY = YES;
				GCC_C_LANGUAGE_STANDARD = gnu99;
				GCC_DYNAMIC_NO_PIC = NO;
				GCC_NO_COMMON_BLOCKS = YES;
				GCC_OPTIMIZATION_LEVEL = 0;
				GCC_PREPROCESSOR_DEFINITIONS = (
					"DEBUG=1",
					"$(inherited)",
				);
				GCC_WARN_64_TO_32_BIT_CONVERSION = YES;
				GCC_WARN_ABOUT_RETURN_TYPE = YES_ERROR;
				GCC_WARN_UNDECLARED_SELECTOR = YES;
				GCC_WARN_UNINITIALIZED_AUTOS = YES_AGGRESSIVE;
				GCC_WARN_UNUSED_FUNCTION = YES;
				GCC_WARN_UNUSED_VARIABLE = YES;
				IPHONEOS_DEPLOYMENT_TARGET = 9.2;
				MTL_ENABLE_DEBUG_INFO = YES;
				ONLY_ACTIVE_ARCH = YES;
				SDKROOT = iphoneos;
				SWIFT_OPTIMIZATION_LEVEL = "-Onone";
			};
			name = Debug;
		};
		5F6D44E31C4D9BB5007AF735 /* Release */ = {
			isa = XCBuildConfiguration;
			buildSettings = {
				ALWAYS_SEARCH_USER_PATHS = NO;
				CLANG_CXX_LANGUAGE_STANDARD = "gnu++0x";
				CLANG_CXX_LIBRARY = "libc++";
				CLANG_ENABLE_MODULES = YES;
				CLANG_ENABLE_OBJC_ARC = YES;
				CLANG_WARN_BOOL_CONVERSION = YES;
				CLANG_WARN_CONSTANT_CONVERSION = YES;
				CLANG_WARN_DIRECT_OBJC_ISA_USAGE = YES_ERROR;
				CLANG_WARN_EMPTY_BODY = YES;
				CLANG_WARN_ENUM_CONVERSION = YES;
				CLANG_WARN_INT_CONVERSION = YES;
				CLANG_WARN_OBJC_ROOT_CLASS = YES_ERROR;
				CLANG_WARN_UNREACHABLE_CODE = YES;
				CLANG_WARN__DUPLICATE_METHOD_MATCH = YES;
				"CODE_SIGN_IDENTITY[sdk=iphoneos*]" = "iPhone Developer";
				COPY_PHASE_STRIP = NO;
				DEBUG_INFORMATION_FORMAT = "dwarf-with-dsym";
				ENABLE_NS_ASSERTIONS = NO;
				ENABLE_STRICT_OBJC_MSGSEND = YES;
				GCC_C_LANGUAGE_STANDARD = gnu99;
				GCC_NO_COMMON_BLOCKS = YES;
				GCC_WARN_64_TO_32_BIT_CONVERSION = YES;
				GCC_WARN_ABOUT_RETURN_TYPE = YES_ERROR;
				GCC_WARN_UNDECLARED_SELECTOR = YES;
				GCC_WARN_UNINITIALIZED_AUTOS = YES_AGGRESSIVE;
				GCC_WARN_UNUSED_FUNCTION = YES;
				GCC_WARN_UNUSED_VARIABLE = YES;
				IPHONEOS_DEPLOYMENT_TARGET = 9.2;
				MTL_ENABLE_DEBUG_INFO = NO;
				SDKROOT = iphoneos;
				VALIDATE_PRODUCT = YES;
			};
			name = Release;
		};
		5F6D44E51C4D9BB5007AF735 /* Debug */ = {
			isa = XCBuildConfiguration;
			buildSettings = {
				ASSETCATALOG_COMPILER_APPICON_NAME = AppIcon;
				INFOPLIST_FILE = MyYahooWeather/Info.plist;
				LD_RUNPATH_SEARCH_PATHS = "$(inherited) @executable_path/Frameworks";
				PRODUCT_BUNDLE_IDENTIFIER = com.LaiBit.MyYahooWeather;
				PRODUCT_NAME = "$(TARGET_NAME)";
			};
			name = Debug;
		};
		5F6D44E61C4D9BB5007AF735 /* Release */ = {
			isa = XCBuildConfiguration;
			buildSettings = {
				ASSETCATALOG_COMPILER_APPICON_NAME = AppIcon;
				INFOPLIST_FILE = MyYahooWeather/Info.plist;
				LD_RUNPATH_SEARCH_PATHS = "$(inherited) @executable_path/Frameworks";
				PRODUCT_BUNDLE_IDENTIFIER = com.LaiBit.MyYahooWeather;
				PRODUCT_NAME = "$(TARGET_NAME)";
			};
			name = Release;
		};
/* End XCBuildConfiguration section */

/* Begin XCConfigurationList section */
		5F6D44CD1C4D9BB5007AF735 /* Build configuration list for PBXProject "MyYahooWeather" */ = {
			isa = XCConfigurationList;
			buildConfigurations = (
				5F6D44E21C4D9BB5007AF735 /* Debug */,
				5F6D44E31C4D9BB5007AF735 /* Release */,
			);
			defaultConfigurationIsVisible = 0;
			defaultConfigurationName = Release;
		};
		5F6D44E41C4D9BB5007AF735 /* Build configuration list for PBXNativeTarget "MyYahooWeather" */ = {
			isa = XCConfigurationList;
			buildConfigurations = (
				5F6D44E51C4D9BB5007AF735 /* Debug */,
				5F6D44E61C4D9BB5007AF735 /* Release */,
			);
			defaultConfigurationIsVisible = 0;
		};
/* End XCConfigurationList section */
	};
	rootObject = 5F6D44CA1C4D9BB5007AF735 /* Project object */;
}
